<Solution>
  <Folder Name="/src/">
    <Project Path="src/McpServer/McpServer.csproj" />
  </Folder>
  <Folder Name="/tests/">
    <Project Path="tests/McpServer.Integration.Tests/McpServer.Integration.Tests.csproj" />
    <Project Path="tests/McpServer.Unit.Tests/McpServer.Unit.Tests.csproj" />
    <Project Path="tests/ModelContextProtocol.TestOAuthServer/ModelContextProtocol.TestOAuthServer.csproj" />
  </Folder>
</Solution>
